{
  "name": "MovieApi",
  "lockfileVersion": 3,
  "requires": true,
  "packages": {
    "": {
      "dependencies": {
        "ionicons": "^2.0.1"
      }
    },
    "node_modules/ionicons": {
      "version": "2.0.1",
      "resolved": "https://registry.npmjs.org/ionicons/-/ionicons-2.0.1.tgz",
      "integrity": "sha512-ySWjaL3PxB4JFMvr7/02sByWM7TQv1mrvRYFvUwFcVEEHEK/RKEP6MFhcnTmKhoPM6Ih6s5wH003fkVk1wiXLQ==",
      "license": "MIT"
    }
  }
}
